
Microsoft Visual Studio Solution File, Format Version 12.00
# Visual Studio Version 17
VisualStudioVersion = 17.9.34607.119
MinimumVisualStudioVersion = 10.0.40219.1
Project("{FAE04EC0-301F-11D3-BF4B-00C04F79EFBC}") = "ProyectoFinal", "ProyectoFinal\ProyectoFinal.csproj", "{CA51903E-6CB7-4AE4-ACD6-EDEAEFB062B4}"
EndProject
Project("{FAE04EC0-301F-11D3-BF4B-00C04F79EFBC}") = "ProyectoFinal.Client", "ProyectoFinal.Client\ProyectoFinal.Client.csproj", "{66C6ADEB-C9D2-441E-AC99-CEEE754D12AB}"
EndProject
Global
	GlobalSection(SolutionConfigurationPlatforms) = preSolution
		Debug|Any CPU = Debug|Any CPU
		Release|Any CPU = Release|Any CPU
	EndGlobalSection
	GlobalSection(ProjectConfigurationPlatforms) = postSolution
		{CA51903E-6CB7-4AE4-ACD6-EDEAEFB062B4}.Debug|Any CPU.ActiveCfg = Debug|Any CPU
		{CA51903E-6CB7-4AE4-ACD6-EDEAEFB062B4}.Debug|Any CPU.Build.0 = Debug|Any CPU
		{CA51903E-6CB7-4AE4-ACD6-EDEAEFB062B4}.Release|Any CPU.ActiveCfg = Release|Any CPU
		{CA51903E-6CB7-4AE4-ACD6-EDEAEFB062B4}.Release|Any CPU.Build.0 = Release|Any CPU
		{66C6ADEB-C9D2-441E-AC99-CEEE754D12AB}.Debug|Any CPU.ActiveCfg = Debug|Any CPU
		{66C6ADEB-C9D2-441E-AC99-CEEE754D12AB}.Debug|Any CPU.Build.0 = Debug|Any CPU
		{66C6ADEB-C9D2-441E-AC99-CEEE754D12AB}.Release|Any CPU.ActiveCfg = Release|Any CPU
		{66C6ADEB-C9D2-441E-AC99-CEEE754D12AB}.Release|Any CPU.Build.0 = Release|Any CPU
	EndGlobalSection
	GlobalSection(SolutionProperties) = preSolution
		HideSolutionNode = FALSE
	EndGlobalSection
	GlobalSection(ExtensibilityGlobals) = postSolution
		SolutionGuid = {38D3F97C-162D-4249-8C40-7257AA673AE7}
	EndGlobalSection
EndGlobal
